{
    "_meta": {
        "hash": {
            "sha256": "1e9aa47a2b74fea92f38a9bebd5a3e2ccda0c06f3225409a6533773410e4b7a9"
        },
        "pipfile-spec": 6,
        "requires": {
            "python_version": "3.8"
        },
        "sources": [
            {
                "name": "pypi",
                "url": "https://pypi.org/simple",
                "verify_ssl": true
            }
        ]
    },
    "default": {
        "cycler": {
            "hashes": [
                "sha256:3a27e95f763a428a739d2add979fa7494c912a32c17c4c38c4d5f082cad165a3",
                "sha256:9c87405839a19696e837b3b818fed3f5f69f16f1eec1a1ad77e043dcea9c772f"
            ],
            "markers": "python_version >= '3.6'",
            "version": "==0.11.0"
        },
        "fastremap": {
            "hashes": [
                "sha256:01cf3ada171f8eb09327765528b541a190f04994459cdbf2651f7430cf02b49b",
                "sha256:064b75b2848cd270f385f197150c4764640521de4a9c12193920c44d15166eda",
                "sha256:06a69c99411f8c170cff99e30ec921b5136a09ba00ad7a111bb2f24a80bcb8fb",
                "sha256:214d71f2457319540f03e94a42f30437f6ba7cd9285766e2477d835a9c673fa2",
                "sha256:26fd1f231cf5bebf25948cd87396ac3a3fccdef07b834575674408e8bb783c6d",
                "sha256:283c85ffd64f374cb06f85c0e305f9b084478b579c71542018518d855928a5e9",
                "sha256:300cfa6418137e43631a1574bf3d726dd896a47fa423492540467d744a4db84d",
                "sha256:3164e107a0ddc7d71b1bd6b6e796175bad9c92a3c057c3fb3e53302bd7e200a3",
                "sha256:38cdc3061cc700c85a42ca02d8950a7db5233c068330f0928070b9cb42498883",
                "sha256:497bdf4c57e988af194a20703eb008020440368bc68954d82f8cf196601a74a2",
                "sha256:4b0db7adaa75cdc7a8016429a00a71102e8ae33cf849e21977f461a59ad4b81c",
                "sha256:4bfd6c27e43dfdf998623e7d38c2ada45e50ea370061c5a9e5c8b37bddadd348",
                "sha256:4d4adf36f6006345b7700c7fb9deddc5c9adad1eb6db4e5d851b3b04f8af677d",
                "sha256:4de18df32666f3a5e8706064adda71d22cd5be9d81ec5734726b4775bb03794e",
                "sha256:55bc809db34152c80c0d7a297d37e0f51cfda9b278de640454f285e59bd40980",
                "sha256:5688d33813711708e3d1131f898553a4f6df134597a7d93454ddb0159b205efe",
                "sha256:599527b19053c961b6a781958e94e20f141e142fabb6b67ea56a5d75617627fb",
                "sha256:673ff55060684c1dc9a9fc8c672683be32df9b1212d9a31491660ad62f591bbe",
                "sha256:68955ba03a8be3e83c0aa94230c212a7528fe7865e4f5cd7e9e0fb31987fd4dc",
                "sha256:72c70a70ee18ccc4015a2e5f75b9da1009ef268db6187c13360970f391118de8",
                "sha256:74f66946b5ccb496563bbf1442c4c7cd36d51584e5849adf13f9918493de417f",
                "sha256:85f24e0c85c40447d5c4667555030024e3310dc0173000347674812dfc7270ee",
                "sha256:9125c236756117f5dda877fd9425a917bda2cdc802653d0f0dc400d5c680c9ec",
                "sha256:923a48da1d39ead0a710c0dfebf0a2f8e2b273c7b72ed3dfef92847d50dc6c02",
                "sha256:9bfc4fd69ce2e9915de601b3a1802d9b8ef841d0128be752c054146eee446734",
                "sha256:9c93a088d2128ca70de9bd74d96b40b5ad70045d3f73c8d80f6c16468e48b04b",
                "sha256:ad0bc27e1fec5a54fc1d835addb351a4ee1c8b0745a6b03a62d9267ba4fe290e",
                "sha256:b141c9efcf598478dd649329f954b7764f9522422ecfc4a459e853864271ed63",
                "sha256:b97bcdfd47ab55f5ce76fc27a9578fedd01b37be3e854d2432d110daf3bf90d1",
                "sha256:d1abef1b7eb0904e289659d6e287a49a1cc0d7fa63da2bae264b7a2a9b44ec2e",
                "sha256:d9689572fa2f668ac1a2a573e5e0502d4505aae98d6fc55f72d99a22cc7f1666",
                "sha256:eb2ef0fe98de7ea948d7428b2e03e1e77a50a5f8b0b2c36e9c4f6bff2addc344",
                "sha256:ed88737d751e68b5ba8b02993879f567e0e47e6f62f979a8da9e881eb53f54f4",
                "sha256:f1c1b3622c9ceda0d08ff1d45302541ff337eaf4d386d6096f4119deabfab221",
                "sha256:f55e5c9071ac0a5f80b8514d4d3ed7feadef8640cfde333a54d47550a1f198dd",
                "sha256:f910f6fb389a9f3fc25bc21a62503b64b02552c3c64cc213aa37a3bb74294b1e",
                "sha256:fcacf6daa45d3ebcf69b2792d7a83998954cfdde8c1342f392996846a0fb4f08"
            ],
            "markers": "python_version ~= '3.6'",
            "version": "==1.13.0"
        },
        "fill-voids": {
            "hashes": [
                "sha256:00ae2663e3efbcccdb9acce555499552f7847cb93a36971bfe8483a8a6a7afff",
                "sha256:0106982014c93e6466450dfd790a780f0ab0a98a71817eb1b7e2d064372dd621",
                "sha256:5da32b012876aa005aa3de9056592753c90ce515b233d5a4b201971b9edc8819",
                "sha256:6f5668db06b96d105a6f1ab1294ca406e996734b3f7c18f32cce905f4a3c2ebc",
                "sha256:aa4ba27820ce60dc2a8edd5b3ccc48e8cf0bbb40e960410581e8b3d76dad3c98",
                "sha256:b9e539c9f936f2edfbe85e13403df9ea421844bdd3ba8aec614efd55cf522cdc",
                "sha256:c9bc21262de21271fce9c2ab8298871da44c7fcb3022a3592e2fa6ea732c8044",
                "sha256:d4d282cb1f2048e69b623c1eef1f8a7bd0647c79ff2270eb47afacf87c58a4bd",
                "sha256:d501c2f348b6ffdf084e8b324b15999284fdc4aae44ca038c91fc5eab9440d03"
            ],
            "index": "pypi",
            "version": "==1.1.0"
        },
        "fonttools": {
            "hashes": [
                "sha256:c0fdcfa8ceebd7c1b2021240bd46ef77aa8e7408cf10434be55df52384865f8e",
                "sha256:f829c579a8678fa939a1d9e9894d01941db869de44390adb49ce67055a06cc2a"
            ],
            "markers": "python_version >= '3.7'",
            "version": "==4.33.3"
        },
        "future": {
            "hashes": [
                "sha256:b1bead90b70cf6ec3f0710ae53a525360fa360d306a86583adc6bf83a4db537d"
            ],
            "markers": "python_version >= '2.6' and python_version not in '3.0, 3.1, 3.2, 3.3'",
            "version": "==0.18.2"
        },
        "imageio": {
            "hashes": [
                "sha256:0c9df80e42f2ee68bea92001e7fcf612aa149910efe040eb757f5ce323250ae1",
                "sha256:d36ab8616175a093676693a4dbc85c6cc767f981c9ce93041422569c76d06347"
            ],
            "markers": "python_version >= '3.7'",
            "version": "==2.19.3"
        },
        "kiwisolver": {
            "hashes": [
                "sha256:007799c7fa934646318fc128b033bb6e6baabe7fbad521bfb2279aac26225cd7",
                "sha256:130c6c35eded399d3967cf8a542c20b671f5ba85bd6f210f8b939f868360e9eb",
                "sha256:1858ad3cb686eccc7c6b7c5eac846a1cfd45aacb5811b2cf575e80b208f5622a",
                "sha256:1ae7aa0784aeadfbd693c27993727792fbe1455b84d49970bad5886b42976b18",
                "sha256:1d2c744aeedce22c122bb42d176b4aa6d063202a05a4abdacb3e413c214b3694",
                "sha256:21a3a98f0a21fc602663ca9bce2b12a4114891bdeba2dea1e9ad84db59892fca",
                "sha256:22ccba48abae827a0f952a78a7b1a7ff01866131e5bbe1f826ce9bda406bf051",
                "sha256:26b5a70bdab09e6a2f40babc4f8f992e3771751e144bda1938084c70d3001c09",
                "sha256:2d76780d9c65c7529cedd49fa4802d713e60798d8dc3b0d5b12a0a8f38cca51c",
                "sha256:325fa1b15098e44fe4590a6c5c09a212ca10c6ebb5d96f7447d675f6c8340e4e",
                "sha256:3a297d77b3d6979693f5948df02b89431ae3645ec95865e351fb45578031bdae",
                "sha256:3b1dcbc49923ac3c973184a82832e1f018dec643b1e054867d04a3a22255ec6a",
                "sha256:40240da438c0ebfe2aa76dd04b844effac6679423df61adbe3437d32f23468d9",
                "sha256:46c6e5018ba31d5ee7582f323d8661498a154dea1117486a571db4c244531f24",
                "sha256:46fb56fde006b7ef5f8eaa3698299b0ea47444238b869ff3ced1426aa9fedcb5",
                "sha256:4dc350cb65fe4e3f737d50f0465fa6ea0dcae0e5722b7edf5d5b0a0e3cd2c3c7",
                "sha256:51078855a16b7a4984ed2067b54e35803d18bca9861cb60c60f6234b50869a56",
                "sha256:547111ef7cf13d73546c2de97ce434935626c897bdec96a578ca100b5fcd694b",
                "sha256:5fb73cc8a34baba1dfa546ae83b9c248ef6150c238b06fc53d2773685b67ec67",
                "sha256:654280c5f41831ddcc5a331c0e3ce2e480bbc3d7c93c18ecf6236313aae2d61a",
                "sha256:6b3136eecf7e1b4a4d23e4b19d6c4e7a8e0b42d55f30444e3c529700cdacaa0d",
                "sha256:7118ca592d25b2957ff7b662bc0fe4f4c2b5d5b27814b9b1bc9f2fb249a970e7",
                "sha256:71af5b43e4fa286a35110fc5bb740fdeae2b36ca79fbcf0a54237485baeee8be",
                "sha256:747190fcdadc377263223f8f72b038381b3b549a8a3df5baf4d067da4749b046",
                "sha256:8395064d63b26947fa2c9faeea9c3eee35e52148c5339c37987e1d96fbf009b3",
                "sha256:84f85adfebd7d3c3db649efdf73659e1677a2cf3fa6e2556a3f373578af14bf7",
                "sha256:86bcf0009f2012847a688f2f4f9b16203ca4c835979a02549aa0595d9f457cc8",
                "sha256:ab8a15c2750ae8d53e31f77a94f846d0a00772240f1c12817411fa2344351f86",
                "sha256:af24b21c2283ca69c416a8a42cde9764dc36c63d3389645d28c69b0e93db3cd7",
                "sha256:afe173ac2646c2636305ab820cc0380b22a00a7bca4290452e7166b4f4fa49d0",
                "sha256:b9eb88593159a53a5ee0b0159daee531ff7dd9c87fa78f5d807ca059c7eb1b2b",
                "sha256:c16635f8dddbeb1b827977d0b00d07b644b040aeb9ff8607a9fc0997afa3e567",
                "sha256:ca3eefb02ef17257fae8b8555c85e7c1efdfd777f671384b0e4ef27409b02720",
                "sha256:caa59e2cae0e23b1e225447d7a9ddb0f982f42a6a22d497a484dfe62a06f7c0e",
                "sha256:cb55258931448d61e2d50187de4ee66fc9d9f34908b524949b8b2b93d0c57136",
                "sha256:d248c46c0aa406695bda2abf99632db991f8b3a6d46018721a2892312a99f069",
                "sha256:d2578e5149ff49878934debfacf5c743fab49eca5ecdb983d0b218e1e554c498",
                "sha256:dd22085446f3eca990d12a0878eeb5199dc9553b2e71716bfe7bed9915a472ab",
                "sha256:e7cf940af5fee00a92e281eb157abe8770227a5255207818ea9a34e54a29f5b2",
                "sha256:f70f3d028794e31cf9d1a822914efc935aadb2438ec4e8d4871d95eb1ce032d6",
                "sha256:fd2842a0faed9ab9aba0922c951906132d9384be89690570f0ed18cd4f20e658",
                "sha256:fd628e63ffdba0112e3ddf1b1e9f3db29dd8262345138e08f4938acbc6d0805a",
                "sha256:ffd7cf165ff71afb202b3f36daafbf298932bee325aac9f58e1c9cd55838bef0"
            ],
            "markers": "python_version >= '3.7'",
            "version": "==1.4.3"
        },
        "matplotlib": {
            "hashes": [
                "sha256:03bbb3f5f78836855e127b5dab228d99551ad0642918ccbf3067fcd52ac7ac5e",
                "sha256:24173c23d1bcbaed5bf47b8785d27933a1ac26a5d772200a0f3e0e38f471b001",
                "sha256:2a0967d4156adbd0d46db06bc1a877f0370bce28d10206a5071f9ecd6dc60b79",
                "sha256:2e8bda1088b941ead50caabd682601bece983cadb2283cafff56e8fcddbf7d7f",
                "sha256:31fbc2af27ebb820763f077ec7adc79b5a031c2f3f7af446bd7909674cd59460",
                "sha256:364e6bca34edc10a96aa3b1d7cd76eb2eea19a4097198c1b19e89bee47ed5781",
                "sha256:3d8e129af95b156b41cb3be0d9a7512cc6d73e2b2109f82108f566dbabdbf377",
                "sha256:44c6436868186564450df8fd2fc20ed9daaef5caad699aa04069e87099f9b5a8",
                "sha256:48cf850ce14fa18067f2d9e0d646763681948487a8080ec0af2686468b4607a2",
                "sha256:49a5938ed6ef9dda560f26ea930a2baae11ea99e1c2080c8714341ecfda72a89",
                "sha256:4a05f2b37222319753a5d43c0a4fd97ed4ff15ab502113e3f2625c26728040cf",
                "sha256:4a44cdfdb9d1b2f18b1e7d315eb3843abb097869cd1ef89cfce6a488cd1b5182",
                "sha256:4fa28ca76ac5c2b2d54bc058b3dad8e22ee85d26d1ee1b116a6fd4d2277b6a04",
                "sha256:5844cea45d804174bf0fac219b4ab50774e504bef477fc10f8f730ce2d623441",
                "sha256:5a32ea6e12e80dedaca2d4795d9ed40f97bfa56e6011e14f31502fdd528b9c89",
                "sha256:6c623b355d605a81c661546af7f24414165a8a2022cddbe7380a31a4170fa2e9",
                "sha256:751d3815b555dcd6187ad35b21736dc12ce6925fc3fa363bbc6dc0f86f16484f",
                "sha256:75c406c527a3aa07638689586343f4b344fcc7ab1f79c396699eb550cd2b91f7",
                "sha256:77157be0fc4469cbfb901270c205e7d8adb3607af23cef8bd11419600647ceed",
                "sha256:7d7705022df2c42bb02937a2a824f4ec3cca915700dd80dc23916af47ff05f1a",
                "sha256:7f409716119fa39b03da3d9602bd9b41142fab7a0568758cd136cd80b1bf36c8",
                "sha256:9480842d5aadb6e754f0b8f4ebeb73065ac8be1855baa93cd082e46e770591e9",
                "sha256:9776e1a10636ee5f06ca8efe0122c6de57ffe7e8c843e0fb6e001e9d9256ec95",
                "sha256:a91426ae910819383d337ba0dc7971c7cefdaa38599868476d94389a329e599b",
                "sha256:b4fedaa5a9aa9ce14001541812849ed1713112651295fdddd640ea6620e6cf98",
                "sha256:b6c63cd01cad0ea8704f1fd586e9dc5777ccedcd42f63cbbaa3eae8dd41172a1",
                "sha256:b8d3f4e71e26307e8c120b72c16671d70c5cd08ae412355c11254aa8254fb87f",
                "sha256:c4b82c2ae6d305fcbeb0eb9c93df2602ebd2f174f6e8c8a5d92f9445baa0c1d3",
                "sha256:c772264631e5ae61f0bd41313bbe48e1b9bcc95b974033e1118c9caa1a84d5c6",
                "sha256:c87973ddec10812bddc6c286b88fdd654a666080fbe846a1f7a3b4ba7b11ab78",
                "sha256:e2b696699386766ef171a259d72b203a3c75d99d03ec383b97fc2054f52e15cf",
                "sha256:ea75df8e567743207e2b479ba3d8843537be1c146d4b1e3e395319a4e1a77fe9",
                "sha256:ebc27ad11df3c1661f4677a7762e57a8a91dd41b466c3605e90717c9a5f90c82",
                "sha256:ee0b8e586ac07f83bb2950717e66cb305e2859baf6f00a9c39cc576e0ce9629c",
                "sha256:ee175a571e692fc8ae8e41ac353c0e07259113f4cb063b0ec769eff9717e84bb"
            ],
            "markers": "python_version >= '3.7'",
            "version": "==3.5.2"
        },
        "networkx": {
            "hashes": [
                "sha256:5e53f027c0d567cf1f884dbb283224df525644e43afd1145d64c9d88a3584762",
                "sha256:6933b9b3174a0bdf03c911bb4a1ee43a86ce3edeb813e37e1d4c553b3f4a2c4f"
            ],
            "markers": "python_version >= '3.8'",
            "version": "==2.8.4"
        },
        "numpy": {
            "hashes": [
                "sha256:0cfe07133fd00b27edee5e6385e333e9eeb010607e8a46e1cd673f05f8596595",
                "sha256:11a1f3816ea82eed4178102c56281782690ab5993251fdfd75039aad4d20385f",
                "sha256:2762331de395739c91f1abb88041f94a080cb1143aeec791b3b223976228af3f",
                "sha256:283d9de87c0133ef98f93dfc09fad3fb382f2a15580de75c02b5bb36a5a159a5",
                "sha256:3d22662b4b10112c545c91a0741f2436f8ca979ab3d69d03d19322aa970f9695",
                "sha256:41388e32e40b41dd56eb37fcaa7488b2b47b0adf77c66154d6b89622c110dfe9",
                "sha256:42c16cec1c8cf2728f1d539bd55aaa9d6bb48a7de2f41eb944697293ef65a559",
                "sha256:47ee7a839f5885bc0c63a74aabb91f6f40d7d7b639253768c4199b37aede7982",
                "sha256:5a311ee4d983c487a0ab546708edbdd759393a3dc9cd30305170149fedd23c88",
                "sha256:5dc65644f75a4c2970f21394ad8bea1a844104f0fe01f278631be1c7eae27226",
                "sha256:6ed0d073a9c54ac40c41a9c2d53fcc3d4d4ed607670b9e7b0de1ba13b4cbfe6f",
                "sha256:76ba7c40e80f9dc815c5e896330700fd6e20814e69da9c1267d65a4d051080f1",
                "sha256:818b9be7900e8dc23e013a92779135623476f44a0de58b40c32a15368c01d471",
                "sha256:a024181d7aef0004d76fb3bce2a4c9f2e67a609a9e2a6ff2571d30e9976aa383",
                "sha256:a955e4128ac36797aaffd49ab44ec74a71c11d6938df83b1285492d277db5397",
                "sha256:a97a954a8c2f046d3817c2bce16e3c7e9a9c2afffaf0400f5c16df5172a67c9c",
                "sha256:a97e82c39d9856fe7d4f9b86d8a1e66eff99cf3a8b7ba48202f659703d27c46f",
                "sha256:b55b953a1bdb465f4dc181758570d321db4ac23005f90ffd2b434cc6609a63dd",
                "sha256:bb02929b0d6bfab4c48a79bd805bd7419114606947ec8284476167415171f55b",
                "sha256:bece0a4a49e60e472a6d1f70ac6cdea00f9ab80ff01132f96bd970cdd8a9e5a9",
                "sha256:e41e8951749c4b5c9a2dc5fdbc1a4eec6ab2a140fdae9b460b0f557eed870f4d",
                "sha256:f71d57cc8645f14816ae249407d309be250ad8de93ef61d9709b45a0ddf4050c"
            ],
            "index": "pypi",
            "version": "==1.22.0"
        },
        "packaging": {
            "hashes": [
                "sha256:dd47c42927d89ab911e606518907cc2d3a1f38bbd026385970643f9c5b8ecfeb",
                "sha256:ef103e05f519cdc783ae24ea4e2e0f508a9c99b2d4969652eed6a2e1ea5bd522"
            ],
            "markers": "python_version >= '3.6'",
            "version": "==21.3"
        },
        "pillow": {
            "hashes": [
                "sha256:088df396b047477dd1bbc7de6e22f58400dae2f21310d9e2ec2933b2ef7dfa4f",
                "sha256:09e67ef6e430f90caa093528bd758b0616f8165e57ed8d8ce014ae32df6a831d",
                "sha256:0b4d5ad2cd3a1f0d1df882d926b37dbb2ab6c823ae21d041b46910c8f8cd844b",
                "sha256:0b525a356680022b0af53385944026d3486fc8c013638cf9900eb87c866afb4c",
                "sha256:1d4331aeb12f6b3791911a6da82de72257a99ad99726ed6b63f481c0184b6fb9",
                "sha256:20d514c989fa28e73a5adbddd7a171afa5824710d0ab06d4e1234195d2a2e546",
                "sha256:2b291cab8a888658d72b575a03e340509b6b050b62db1f5539dd5cd18fd50578",
                "sha256:3f6c1716c473ebd1649663bf3b42702d0d53e27af8b64642be0dd3598c761fb1",
                "sha256:42dfefbef90eb67c10c45a73a9bc1599d4dac920f7dfcbf4ec6b80cb620757fe",
                "sha256:488f3383cf5159907d48d32957ac6f9ea85ccdcc296c14eca1a4e396ecc32098",
                "sha256:4d45dbe4b21a9679c3e8b3f7f4f42a45a7d3ddff8a4a16109dff0e1da30a35b2",
                "sha256:53c27bd452e0f1bc4bfed07ceb235663a1df7c74df08e37fd6b03eb89454946a",
                "sha256:55e74faf8359ddda43fee01bffbc5bd99d96ea508d8a08c527099e84eb708f45",
                "sha256:59789a7d06c742e9d13b883d5e3569188c16acb02eeed2510fd3bfdbc1bd1530",
                "sha256:5b650dbbc0969a4e226d98a0b440c2f07a850896aed9266b6fedc0f7e7834108",
                "sha256:66daa16952d5bf0c9d5389c5e9df562922a59bd16d77e2a276e575d32e38afd1",
                "sha256:6e760cf01259a1c0a50f3c845f9cad1af30577fd8b670339b1659c6d0e7a41dd",
                "sha256:7502539939b53d7565f3d11d87c78e7ec900d3c72945d4ee0e2f250d598309a0",
                "sha256:769a7f131a2f43752455cc72f9f7a093c3ff3856bf976c5fb53a59d0ccc704f6",
                "sha256:7c150dbbb4a94ea4825d1e5f2c5501af7141ea95825fadd7829f9b11c97aaf6c",
                "sha256:8844217cdf66eabe39567118f229e275f0727e9195635a15e0e4b9227458daaf",
                "sha256:8a66fe50386162df2da701b3722781cbe90ce043e7d53c1fd6bd801bca6b48d4",
                "sha256:9370d6744d379f2de5d7fa95cdbd3a4d92f0b0ef29609b4b1687f16bc197063d",
                "sha256:937a54e5694684f74dcbf6e24cc453bfc5b33940216ddd8f4cd8f0f79167f765",
                "sha256:9c857532c719fb30fafabd2371ce9b7031812ff3889d75273827633bca0c4602",
                "sha256:a4165205a13b16a29e1ac57efeee6be2dfd5b5408122d59ef2145bc3239fa340",
                "sha256:b3fe2ff1e1715d4475d7e2c3e8dabd7c025f4410f79513b4ff2de3d51ce0fa9c",
                "sha256:b6617221ff08fbd3b7a811950b5c3f9367f6e941b86259843eab77c8e3d2b56b",
                "sha256:b761727ed7d593e49671d1827044b942dd2f4caae6e51bab144d4accf8244a84",
                "sha256:baf3be0b9446a4083cc0c5bb9f9c964034be5374b5bc09757be89f5d2fa247b8",
                "sha256:c17770a62a71718a74b7548098a74cd6880be16bcfff5f937f900ead90ca8e92",
                "sha256:c67db410508b9de9c4694c57ed754b65a460e4812126e87f5052ecf23a011a54",
                "sha256:d78ca526a559fb84faaaf84da2dd4addef5edb109db8b81677c0bb1aad342601",
                "sha256:e9ed59d1b6ee837f4515b9584f3d26cf0388b742a11ecdae0d9237a94505d03a",
                "sha256:f054b020c4d7e9786ae0404278ea318768eb123403b18453e28e47cdb7a0a4bf",
                "sha256:f372d0f08eff1475ef426344efe42493f71f377ec52237bf153c5713de987251",
                "sha256:f3f6a6034140e9e17e9abc175fc7a266a6e63652028e157750bd98e804a8ed9a",
                "sha256:ffde4c6fabb52891d81606411cbfaf77756e3b561b566efd270b3ed3791fde4e"
            ],
            "markers": "python_version >= '3.7'",
            "version": "==9.1.1"
        },
        "pydicom": {
            "hashes": [
                "sha256:9488495a9f3e202d1219f7cb165aee0de31efd512d938c0226d34147ce860391",
                "sha256:f315ba2296346f4f9913c269618201e170b9326362e2ada6041ca91b7cb2117b"
            ],
            "index": "pypi",
            "version": "==1.4.2"
        },
        "pyparsing": {
            "hashes": [
                "sha256:2b020ecf7d21b687f219b71ecad3631f644a47f01403fa1d1036b0c6416d70fb",
                "sha256:5026bae9a10eeaefb61dab2f09052b9f4307d44aee4eda64b309723d8d206bbc"
            ],
            "markers": "python_full_version >= '3.6.8'",
            "version": "==3.0.9"
        },
        "python-dateutil": {
            "hashes": [
                "sha256:0123cacc1627ae19ddf3c27a5de5bd67ee4586fbdd6440d9748f8abb483d3e86",
                "sha256:961d03dc3453ebbc59dbdea9e4e11c5651520a876d0f4db161e8674aae935da9"
            ],
            "markers": "python_version >= '2.7' and python_version not in '3.0, 3.1, 3.2, 3.3'",
            "version": "==2.8.2"
        },
        "pywavelets": {
            "hashes": [
                "sha256:0ed3afbda88498b3ea3c861bf5b55e4feca41747730a71a22102ed5a74d1e453",
                "sha256:27e99818d3c26481de3c68dbe880a7fcafe661cc031b22eff4a64237fe17a7ff",
                "sha256:307ab8a4c3e5c2b8f7d3d371de4a5f019cf4b030b897c3394a4a7ad157369367",
                "sha256:3383d106fa8da0c2df30401ad056cd7a11b76d885f4bfa16ca7bcc6b4ca2831c",
                "sha256:35a945bea9da6db9755e42e06e871846514ae91bde3ae24a08a1d090b003a23b",
                "sha256:38cc635c08a050e175a492e66c9b63a8e1f42254e6879e614b6c9d8d69e0887f",
                "sha256:3c4ebe7ff2c9092f6bdd1f8bf98ce2745f5d43a9936d6e342ee83fbcae548116",
                "sha256:3d3ecc2ee87be94fb2dc8c2d35bcae3f24708677196e80028d24ba0fd2f6a70a",
                "sha256:3eeffcf2f7eebae5cc27cb11a7d0d96118e2e9f75ac38ff1a05373d5fe75accb",
                "sha256:41e4f0a3a6a088e955006513fe72f863cea3ce293033131cacb8a1a3068ed228",
                "sha256:437806465cfa5f2d91809ec13154be050b84a11025784a6b6ce04ac452872b36",
                "sha256:5b76731d2077242611b32f2e11c72adbf126b432ceae92e2ce8d0f693974c96d",
                "sha256:69e9a46facf89b51e5700d10f6d831f29745471c1ab42917f2f849a257b9fd77",
                "sha256:6ecfe051ccb097c2dcdcb0977e0a684e76144d6694a202badf0780143d8536f0",
                "sha256:84c58a179bdb9fc71039b1f68bcd0718a7d9814b5e3741d7681d3e027bb81b52",
                "sha256:8a5941d1f4eb1bc9569c655b63ecb31aa15b3ef0fc9b57df275892c39bccc59e",
                "sha256:91e1b220f0ddd4c127bab718363c2c4a07dbcd95b9c4bfed09a3cdae47dbba43",
                "sha256:a354979e2ee8cd71a8952ded381f3d9f981692b73c6842bcc6c9f64047e0a5be",
                "sha256:a486160f83efd8517cd748796adbab7c445ee8a3e1d168b4b8b60ed0f5aee3a0",
                "sha256:a51225d24811ba7ef5184c03bb7072db0aa9651c4370a115d4069dedfb8d2f7a",
                "sha256:a555a7a85da01357d8258cb45f751881f69013f8920f8738718c60cf8a47b755",
                "sha256:c98ac1cee6276db05768e450dc3002033be6c2819c906103a974e0fb0d436f41",
                "sha256:cbaa9d62052d9daf8da765fc8e7c30c38ea2b8e9e1c18841913dfb4aec671ee5",
                "sha256:d4f9ed4f175c66c9b8646a93fd54c588fd8f4b2517f53c59aea5cdf370f9c9ba",
                "sha256:d7369597e1b1d125eb4b458a36cef052beed188444e55ed21445c1196008e200",
                "sha256:de67deb275474094e160900ab7e07f2a721b9cd351cf3826c4a3ab89bb71d4b3",
                "sha256:e8876764e349673ee8d48bc3cd0afd2f9f7b65378998e2665af12c277c8a56de",
                "sha256:eebaa9c28600da336743fefd650332460c132792660e70eb09abf343b0664b87",
                "sha256:f6e7d969a6ef64ae8be1766b0b0e32debb13424543d331911b8d7e967d60dd42",
                "sha256:fccf468c55427828a3c534b651311f2759210836491c1112e1548e1babe368a5"
            ],
            "markers": "python_version >= '3.7'",
            "version": "==1.3.0"
        },
        "scikit-image": {
            "hashes": [
                "sha256:063d1c20fcd53762f82ee58c29783ae4e8f6fbed445b41b704fa33b6f355729d",
                "sha256:0715b7940778ba5d73da3908d60ddf2eb93863f7c394493a522fe56d3859295c",
                "sha256:0808ab5f8218d91a1c008036993636535a37efd67a52ab0f2e6e3f4b7e75aeda",
                "sha256:2a54bea469eb1b611bee1ce36e60710f5f94f29205bc5bd67a51793909b1e62b",
                "sha256:2aa962aa82d815606d7dad7f045f5d7ca55c65b4320d47e15a98fc92612c2d6c",
                "sha256:2d346d49b6852cffb47cbde995e2696d5b07f688d8c057a0a4548abf3a98f920",
                "sha256:3ad2efa792ab8de5fcefe6f4f5bc1ab64c411cdb5c829ce1526ab3a5a7729627",
                "sha256:3af3d781ce085573ced37b2b5b9abfd32ce3d4723bd17f37e829025d189b0421",
                "sha256:41e28db0136f29ecd305bef0408fdfc64be9d415e54f5099a95555c65f5c1865",
                "sha256:6786b127f33470fd843e644435522fbf43bce05c9f5527946c390ccb9e1cac27",
                "sha256:8b2b768b02c6b7476f2e16ddd91f827d3817aef73f82cf28bff7a8dcdfd8c55c",
                "sha256:a48fb0d34a090b578b87ffebab0fe035295c1945dbc2b28e1a55ea2cf6031751",
                "sha256:dd7fbd32da74d4e9967dc15845f731f16e7966cee61f5dc0e12e2abb1305068c",
                "sha256:e18d73cc8893e2268b172c29f9aab530faf8cd3b7c11ae0bee3e763d719d35c5",
                "sha256:e774377876cb258e8f4d63f7809863f961c98aa02263b3ff54a39483bc6f7d26"
            ],
            "index": "pypi",
            "version": "==0.16.2"
        },
        "scipy": {
            "hashes": [
                "sha256:00af72998a46c25bdb5824d2b729e7dabec0c765f9deb0b504f928591f5ff9d4",
                "sha256:0902a620a381f101e184a958459b36d3ee50f5effd186db76e131cbefcbb96f7",
                "sha256:1e3190466d669d658233e8a583b854f6386dd62d655539b77b3fa25bfb2abb70",
                "sha256:2cce3f9847a1a51019e8c5b47620da93950e58ebc611f13e0d11f4980ca5fecb",
                "sha256:3092857f36b690a321a662fe5496cb816a7f4eecd875e1d36793d92d3f884073",
                "sha256:386086e2972ed2db17cebf88610aab7d7f6e2c0ca30042dc9a89cf18dcc363fa",
                "sha256:71eb180f22c49066f25d6df16f8709f215723317cc951d99e54dc88020ea57be",
                "sha256:770254a280d741dd3436919d47e35712fb081a6ff8bafc0f319382b954b77802",
                "sha256:787cc50cab3020a865640aba3485e9fbd161d4d3b0d03a967df1a2881320512d",
                "sha256:8a07760d5c7f3a92e440ad3aedcc98891e915ce857664282ae3c0220f3301eb6",
                "sha256:8d3bc3993b8e4be7eade6dcc6fd59a412d96d3a33fa42b0fa45dc9e24495ede9",
                "sha256:9508a7c628a165c2c835f2497837bf6ac80eb25291055f56c129df3c943cbaf8",
                "sha256:a144811318853a23d32a07bc7fd5561ff0cac5da643d96ed94a4ffe967d89672",
                "sha256:a1aae70d52d0b074d8121333bc807a485f9f1e6a69742010b33780df2e60cfe0",
                "sha256:a2d6df9eb074af7f08866598e4ef068a2b310d98f87dc23bd1b90ec7bdcec802",
                "sha256:bb517872058a1f087c4528e7429b4a44533a902644987e7b2fe35ecc223bc408",
                "sha256:c5cac0c0387272ee0e789e94a570ac51deb01c796b37fb2aad1fb13f85e2f97d",
                "sha256:cc971a82ea1170e677443108703a2ec9ff0f70752258d0e9f5433d00dda01f59",
                "sha256:dba8306f6da99e37ea08c08fef6e274b5bf8567bb094d1dbe86a20e532aca088",
                "sha256:dc60bb302f48acf6da8ca4444cfa17d52c63c5415302a9ee77b3b21618090521",
                "sha256:dee1bbf3a6c8f73b6b218cb28eed8dd13347ea2f87d572ce19b289d6fd3fbc59"
            ],
            "index": "pypi",
            "version": "==1.4.1"
        },
        "simpleitk": {
            "hashes": [
                "sha256:0d5b60a090bd978b63238a77b97e4aaf109499048ff7a50b23c0dc9159abfb37",
                "sha256:124482011dedef350860ed0d76dcf9cd35d75455d424a2922e6c8d527c716fd6",
                "sha256:1be0eb4f33f99618829a94bd86e850df1203edbbd13ccca91f2f4e3937b99f44",
                "sha256:1ebc7961008f6926163d803ca42eec251e87e3601c16cfd7b95147d6ea8857a0",
                "sha256:2bc13c4566f34a255e7041633a358f4050b5ef0aefde957033f846429a957bb1",
                "sha256:3ca6e5f798121bb4c86214a480f74c9211d8d9def7081778083ed97502f37892",
                "sha256:3f5df96c52392d83fbf9abd47b542e01a9bcaacfb7ca40bae218701038b94c4b",
                "sha256:41103b814c4f1fed7f6d3c96a11426c35d20d0983e2534de1795c7e4481efc14",
                "sha256:53e06515eae75baa7c6ad0a205206fa1835f5d57d9afb1996ed0b49f31133d8f",
                "sha256:56c03426f48107624c16ce13ecf689a55d7c5b170dd0096bda6494f1d52b5fa5",
                "sha256:695561d683da3c0d7f009d700e860a885d8dd2ded487fcbfe444c3e54c6bdfb5",
                "sha256:69a6e0781ea419efb4340b26c65edf977e18a4c9d296d82ecc733efc3f9ca082",
                "sha256:6bf3d32db2b3d9da0ffb2d988bb6d75e86afd6b54a51a6828d4a7ba98117ab7a",
                "sha256:74c2467f8c755076e49416e6c07d195bdfc06ea39b6143ceda19460e0d8c9e0b",
                "sha256:859421aded539f96c022c289120db21cf7e9dadf59652e52dcc18d87c5cd70e4",
                "sha256:884857528ad1d710f44429cc78c580ee5c51f0a5bbb205a4ed10012d722cfde5",
                "sha256:95601f4fb95336fb0ccd7c93dba5888760fb8ff614aba8a255176722ce03e7d9",
                "sha256:9efe874383b159a06a5b7845dbca4dfa8ba7d620bc9c0d2fd2e6e52b74ab6890",
                "sha256:a24729c714eeaa1a6c29df3ffb6e1928d2f4b7556a5790728fa5ab766dcd153d",
                "sha256:a9acfa5c79229086b38bb710adf3a3588b7c5c5949f1053898762a484ceed2aa",
                "sha256:bb41e103381981404bee82cf884c56b22633e7c8d29984c1bb2aa1bbe32f6a06",
                "sha256:bdc1521ee7e197e8019b80abc8039790a170c6ea1b76f091fbe424a56327afbf",
                "sha256:bfc2efde7474bcd406c12830a30099a6fec129114aa670063ba95b1989bafe6b",
                "sha256:cb23db770935eb63c99961862fca21a8daef394cc570e928a780d657d91506a6",
                "sha256:cf1ede8cf5aaa6ba714604a4a9bd22238499b40489caee2ad59c0c9e9c741a44",
                "sha256:cfbb53a2c6a9de22884baec878ed7847229e9e2060fe221951290dd5cbb91867",
                "sha256:d69aecb47550e2c50b05db889546b8c5b780336057cbd9771a2ac20a04118fb5",
                "sha256:dc52a622d4ec6accb2179a405553aaac61157e2691b16b33563498c5c7d9ee51",
                "sha256:ff94f4f48533f827b0f9d589f6a38a28aa0fd4ca8a9ba3c4ee50f31f1ce5ad14"
            ],
            "index": "pypi",
            "version": "==1.2.4"
        },
        "six": {
            "hashes": [
                "sha256:1e61c37477a1626458e36f7b1d82aa5c9b094fa4802892072e49de9c60c4c926",
                "sha256:8abb2f1d86890a2dfb989f9a77cfcfd3e47c2a354b01111771326f8aa26e0254"
            ],
            "markers": "python_version >= '2.7' and python_version not in '3.0, 3.1, 3.2, 3.3'",
            "version": "==1.16.0"
        },
        "torch": {
            "hashes": [
                "sha256:3cc72d36eaeda96488e3a29373f739b887338952417b3e1620871063bf5d14d2",
                "sha256:402951484443bb49b5bc2129414ac6c644c07b8378e79922cf3645fd08cbfdc9",
                "sha256:6fcfe5deaf0788bbe8639869d3c752ff5fe1bdedce11c7ed2d44379b1fbe6d6c",
                "sha256:7f3d6af2d7e2576b9640aa684f0c18a773efffe8b37f9056272287345c1dcba5",
                "sha256:865d4bec21542647e0822e8b753e05d67eee874974a3937273f710edd99a7516",
                "sha256:931b79aed9aba50bf314214be6efaaf7972ea9539a3d63f82622bc5860a1fd81",
                "sha256:cb4412c6b00117ab5e014d07dac45b87f1e918e31fbb849e7e39f1f9140fff59",
                "sha256:dfaac4c5d27ac80705956743c34fb1ab5fb37e1646a6c8e45f05f7e739f6ea7c",
                "sha256:ecdc2ea4011e3ec04937b6b9e803ab671c3ac04e81b1df20354e01453e508b2f"
            ],
            "index": "pypi",
            "version": "==1.5.0"
        },
        "torchvision": {
            "hashes": [
                "sha256:0ea04a7e0f64599c158d36da01afd0cb3bc49033d2a145be4eb80c17c4c0482b",
                "sha256:0fa9e4a8381e5e04d0da0acd93f1429347053497ec343fe6d625b1b7fb2ce36e",
                "sha256:691d68f3726b7392fe37db7184aef8a6b6f7cf6ff38fae769b287b3d6e1eb69a",
                "sha256:6eb4e0d7dc61030447b98d412162f222a95d848b3b0e484a81282c057af6dd25",
                "sha256:8992f10a7860e0991766a788b546d5f11e3e7465e87a72eb9c78675dd2616400",
                "sha256:a9b08435fdadd89520a78f5a54d196c05878d1a15e37f760d43f72f10bae308f",
                "sha256:ea39bed9e9497a67c5f66e37d3d5a663a0284868ae8616de81f65c66d9ad802b",
                "sha256:f43dae3b348afa5778439913ba1f3f176362ffc9e684ef01dc54dae7cf1b82e4"
            ],
            "index": "pypi",
            "version": "==0.6.0"
        },
        "tqdm": {
            "hashes": [
                "sha256:4733c4a10d0f2a4d098d801464bdaf5240c7dadd2a7fde4ee93b0a0efd9fb25e",
                "sha256:acdafb20f51637ca3954150d0405ff1a7edde0ff19e38fb99a80a66210d2a28f"
            ],
            "index": "pypi",
            "version": "==4.46.0"
        },
        "zipfile36": {
            "hashes": [
                "sha256:a78a8dddf4fa114f7fe73df76ffcce7538e23433b7a6a96c1c904023f122aead",
                "sha256:f7e48adf627f75cd74cdb50e7d850623b465f4cf5de913809196e8f3aa57dc4b"
            ],
            "index": "pypi",
            "version": "==0.1.3"
        }
    },
    "develop": {}
}
